
Microsoft Visual Studio Solution File, Format Version 12.00
# Visual Studio 15
Project("{FAE04EC0-301F-11D3-BF4B-00C04F79EFBC}") = "BasicCode", "BasicCode\BasicCode.csproj", "{660B3A89-77AE-4494-9CF7-5523797BE142}"
EndProject
Global
	GlobalSection(SolutionConfigurationPlatforms) = preSolution
		Debug|Any CPU = Debug|Any CPU
		Release|Any CPU = Release|Any CPU
	EndGlobalSection
	GlobalSection(ProjectConfigurationPlatforms) = postSolution
		{660B3A89-77AE-4494-9CF7-5523797BE142}.Debug|Any CPU.ActiveCfg = Debug|Any CPU
		{660B3A89-77AE-4494-9CF7-5523797BE142}.Debug|Any CPU.Build.0 = Debug|Any CPU
		{660B3A89-77AE-4494-9CF7-5523797BE142}.Release|Any CPU.ActiveCfg = Release|Any CPU
		{660B3A89-77AE-4494-9CF7-5523797BE142}.Release|Any CPU.Build.0 = Release|Any CPU
	EndGlobalSection
EndGlobal
